
Microsoft Visual Studio Solution File, Format Version 12.00
# Visual Studio Version 16
VisualStudioVersion = 16.0.31605.320
MinimumVisualStudioVersion = 10.0.40219.1
Project("{FAE04EC0-301F-11D3-BF4B-00C04F79EFBC}") = "Books__App", "Books__App\Books__App.csproj", "{1D336E86-6126-40A8-BBF0-6EF6B3D5FF0C}"
EndProject
Global
	GlobalSection(SolutionConfigurationPlatforms) = preSolution
		Debug|Any CPU = Debug|Any CPU
		Release|Any CPU = Release|Any CPU
	EndGlobalSection
	GlobalSection(ProjectConfigurationPlatforms) = postSolution
		{1D336E86-6126-40A8-BBF0-6EF6B3D5FF0C}.Debug|Any CPU.ActiveCfg = Debug|Any CPU
		{1D336E86-6126-40A8-BBF0-6EF6B3D5FF0C}.Debug|Any CPU.Build.0 = Debug|Any CPU
		{1D336E86-6126-40A8-BBF0-6EF6B3D5FF0C}.Release|Any CPU.ActiveCfg = Release|Any CPU
		{1D336E86-6126-40A8-BBF0-6EF6B3D5FF0C}.Release|Any CPU.Build.0 = Release|Any CPU
	EndGlobalSection
	GlobalSection(SolutionProperties) = preSolution
		HideSolutionNode = FALSE
	EndGlobalSection
	GlobalSection(ExtensibilityGlobals) = postSolution
		SolutionGuid = {136AF2EF-E4D4-4AA8-AB07-68B1142B9763}
	EndGlobalSection
EndGlobal
